<?xml version="1.0" encoding="utf-8"?>
<Project ToolsVersion="4.0" xmlns="http://schemas.microsoft.com/developer/msbuild/2003">
  <ItemGroup>
    <Filter Include="Source Files">
      <UniqueIdentifier>{4FC737F1-C7A5-4376-A066-2A32D752A2FF}</UniqueIdentifier>
      <Extensions>cpp;c;cc;cxx;c++;cppm;ixx;def;odl;idl;hpj;bat;asm;asmx</Extensions>
    </Filter>
    <Filter Include="Header Files">
      <UniqueIdentifier>{93995380-89BD-4b04-88EB-625FBE52EBFB}</UniqueIdentifier>
      <Extensions>h;hh;hpp;hxx;h++;hm;inl;inc;ipp;xsd</Extensions>
    </Filter>
    <Filter Include="Resource Files">
      <UniqueIdentifier>{67DA6AB6-F800-4c08-8B7A-83BB121AAD01}</UniqueIdentifier>
      <Extensions>rc;ico;cur;bmp;dlg;rc2;rct;bin;rgs;gif;jpg;jpeg;jpe;resx;tiff;tif;png;wav;mfcribbon-ms</Extensions>
    </Filter>
  </ItemGroup>
  <ItemGroup>
    <ClCompile Include="Semester 1.cpp">
      <Filter>Source Files</Filter>
    </ClCompile>
    <ClCompile Include="diamond.cpp">
      <Filter>Source Files</Filter>
    </ClCompile>
    <ClCompile Include="hollow sphere.cpp">
      <Filter>Source Files</Filter>
    </ClCompile>
    <ClCompile Include="do while.cpp">
      <Filter>Source Files</Filter>
    </ClCompile>
    <ClCompile Include="gambling.cpp">
      <Filter>Source Files</Filter>
    </ClCompile>
    <ClCompile Include="do while practice 1.cpp">
      <Filter>Source Files</Filter>
    </ClCompile>
    <ClCompile Include="do while practice 2.cpp">
      <Filter>Source Files</Filter>
    </ClCompile>
    <ClCompile Include="do while practice 3.cpp">
      <Filter>Source Files</Filter>
    </ClCompile>
    <ClCompile Include="do while practice4.cpp">
      <Filter>Source Files</Filter>
    </ClCompile>
    <ClCompile Include="do while practice 5.cpp">
      <Filter>Source Files</Filter>
    </ClCompile>
    <ClCompile Include="for loop practice 1.cpp">
      <Filter>Source Files</Filter>
    </ClCompile>
    <ClCompile Include="for loop practice 2.cpp">
      <Filter>Source Files</Filter>
    </ClCompile>
    <ClCompile Include="while loop practice.cpp">
      <Filter>Source Files</Filter>
    </ClCompile>
    <ClCompile Include="for loop practice 3.cpp">
      <Filter>Source Files</Filter>
    </ClCompile>
    <ClCompile Include="prime number for loop.cpp">
      <Filter>Source Files</Filter>
    </ClCompile>
    <ClCompile Include="all number from 1 to n divisible by 3 for loop.cpp">
      <Filter>Source Files</Filter>
    </ClCompile>
    <ClCompile Include="factorila for loop.cpp">
      <Filter>Source Files</Filter>
    </ClCompile>
    <ClCompile Include="triangle pattern for loop.cpp">
      <Filter>Source Files</Filter>
    </ClCompile>
    <ClCompile Include="box pattern.cpp">
      <Filter>Source Files</Filter>
    </ClCompile>
    <ClCompile Include="box with cross for nested loop.cpp">
      <Filter>Source Files</Filter>
    </ClCompile>
    <ClCompile Include="cross pattern.cpp">
      <Filter>Source Files</Filter>
    </ClCompile>
    <ClCompile Include="square pattern.cpp">
      <Filter>Source Files</Filter>
    </ClCompile>
    <ClCompile Include="pf mid question 1.cpp">
      <Filter>Source Files</Filter>
    </ClCompile>
    <ClCompile Include="pf mid question 2.cpp">
      <Filter>Source Files</Filter>
    </ClCompile>
    <ClCompile Include="pf mid question 3.cpp">
      <Filter>Source Files</Filter>
    </ClCompile>
    <ClCompile Include="snake and ladder 2.cpp">
      <Filter>Source Files</Filter>
    </ClCompile>
    <ClCompile Include="number as a sum of prime  number.cpp">
      <Filter>Source Files</Filter>
    </ClCompile>
    <ClCompile Include="Baboliyan time.cpp">
      <Filter>Source Files</Filter>
    </ClCompile>
    <ClCompile Include="1 to 5 program.cpp">
      <Filter>Source Files</Filter>
    </ClCompile>
    <ClCompile Include="Credit card array practice.cpp">
      <Filter>Source Files</Filter>
    </ClCompile>
    <ClCompile Include="credit card nested practice .cpp">
      <Filter>Source Files</Filter>
    </ClCompile>
    <ClCompile Include="credat card.cpp">
      <Filter>Source Files</Filter>
    </ClCompile>
    <ClCompile Include="Spiral game.cpp">
      <Filter>Source Files</Filter>
    </ClCompile>
    <ClCompile Include="Ai game.cpp">
      <Filter>Source Files</Filter>
    </ClCompile>
    <ClCompile Include="dynamic array.cpp">
      <Filter>Source Files</Filter>
    </ClCompile>
    <ClCompile Include="colatz problem of chain.cpp">
      <Filter>Source Files</Filter>
    </ClCompile>
    <ClCompile Include="rand.cpp">
      <Filter>Source Files</Filter>
    </ClCompile>
    <ClCompile Include="character pattern.cpp">
      <Filter>Source Files</Filter>
    </ClCompile>
    <ClCompile Include="number pattern.cpp">
      <Filter>Source Files</Filter>
    </ClCompile>
    <ClCompile Include="left triangles star pattern.cpp">
      <Filter>Source Files</Filter>
    </ClCompile>
    <ClCompile Include="left trianle characters.cpp">
      <Filter>Source Files</Filter>
    </ClCompile>
    <ClCompile Include="arrays class .cpp">
      <Filter>Source Files</Filter>
    </ClCompile>
    <ClCompile Include="pYRAMID PATTERN.cpp">
      <Filter>Source Files</Filter>
    </ClCompile>
    <ClCompile Include="butterfly.cpp">
      <Filter>Source Files</Filter>
    </ClCompile>
    <ClCompile Include="Question 10 part A.cpp">
      <Filter>Source Files</Filter>
    </ClCompile>
    <ClCompile Include="question 10 part B.cpp">
      <Filter>Source Files</Filter>
    </ClCompile>
    <ClCompile Include="Question 10 part 3.cpp">
      <Filter>Source Files</Filter>
    </ClCompile>
    <ClCompile Include="question 10 part 4.cpp">
      <Filter>Source Files</Filter>
    </ClCompile>
    <ClCompile Include="question 10 part 5.cpp">
      <Filter>Source Files</Filter>
    </ClCompile>
    <ClCompile Include="kite for n 5.cpp">
      <Filter>Source Files</Filter>
    </ClCompile>
    <ClCompile Include="bubble sort array.cpp">
      <Filter>Source Files</Filter>
    </ClCompile>
    <ClCompile Include="2d array class.cpp">
      <Filter>Source Files</Filter>
    </ClCompile>
    <ClCompile Include="spiral matrix top to bottom.cpp">
      <Filter>Source Files</Filter>
    </ClCompile>
    <ClCompile Include="1D array.cpp">
      <Filter>Source Files</Filter>
    </ClCompile>
    <ClCompile Include="kite.cpp">
      <Filter>Source Files</Filter>
    </ClCompile>
    <ClCompile Include="c.cpp">
      <Filter>Source Files</Filter>
    </ClCompile>
  </ItemGroup>
</Project>